
Microsoft Visual Studio Solution File, Format Version 12.00
Project("{FAE04EC0-301F-11D3-BF4B-00C04F79EFBC}") = "Day01", "Day01\Day01.csproj", "{08011A8B-69B9-488B-8489-D40C68493415}"
EndProject
Project("{FAE04EC0-301F-11D3-BF4B-00C04F79EFBC}") = "Day02", "Day02\Day02.csproj", "{761807AD-9D42-4D0C-85CE-31B11F4FCA86}"
EndProject
Project("{FAE04EC0-301F-11D3-BF4B-00C04F79EFBC}") = "Day03", "Day03\Day03.csproj", "{D8B4A221-23F9-40E4-957C-5AA467492017}"
EndProject
Project("{FAE04EC0-301F-11D3-BF4B-00C04F79EFBC}") = "Day04", "Day04\Day04.csproj", "{AED5B88C-CBC6-4C5C-9FD5-B7B3E36709E9}"
EndProject
Project("{FAE04EC0-301F-11D3-BF4B-00C04F79EFBC}") = "Day05", "Day05\Day05.csproj", "{9B9ECF2F-3B35-4752-B007-3A55DB4E8DED}"
EndProject
Global
	GlobalSection(SolutionConfigurationPlatforms) = preSolution
		Debug|Any CPU = Debug|Any CPU
		Release|Any CPU = Release|Any CPU
	EndGlobalSection
	GlobalSection(ProjectConfigurationPlatforms) = postSolution
		{08011A8B-69B9-488B-8489-D40C68493415}.Debug|Any CPU.ActiveCfg = Debug|Any CPU
		{08011A8B-69B9-488B-8489-D40C68493415}.Debug|Any CPU.Build.0 = Debug|Any CPU
		{08011A8B-69B9-488B-8489-D40C68493415}.Release|Any CPU.ActiveCfg = Release|Any CPU
		{08011A8B-69B9-488B-8489-D40C68493415}.Release|Any CPU.Build.0 = Release|Any CPU
		{761807AD-9D42-4D0C-85CE-31B11F4FCA86}.Debug|Any CPU.ActiveCfg = Debug|Any CPU
		{761807AD-9D42-4D0C-85CE-31B11F4FCA86}.Debug|Any CPU.Build.0 = Debug|Any CPU
		{761807AD-9D42-4D0C-85CE-31B11F4FCA86}.Release|Any CPU.ActiveCfg = Release|Any CPU
		{761807AD-9D42-4D0C-85CE-31B11F4FCA86}.Release|Any CPU.Build.0 = Release|Any CPU
		{D8B4A221-23F9-40E4-957C-5AA467492017}.Debug|Any CPU.ActiveCfg = Debug|Any CPU
		{D8B4A221-23F9-40E4-957C-5AA467492017}.Debug|Any CPU.Build.0 = Debug|Any CPU
		{D8B4A221-23F9-40E4-957C-5AA467492017}.Release|Any CPU.ActiveCfg = Release|Any CPU
		{D8B4A221-23F9-40E4-957C-5AA467492017}.Release|Any CPU.Build.0 = Release|Any CPU
		{AED5B88C-CBC6-4C5C-9FD5-B7B3E36709E9}.Debug|Any CPU.ActiveCfg = Debug|Any CPU
		{AED5B88C-CBC6-4C5C-9FD5-B7B3E36709E9}.Debug|Any CPU.Build.0 = Debug|Any CPU
		{AED5B88C-CBC6-4C5C-9FD5-B7B3E36709E9}.Release|Any CPU.ActiveCfg = Release|Any CPU
		{AED5B88C-CBC6-4C5C-9FD5-B7B3E36709E9}.Release|Any CPU.Build.0 = Release|Any CPU
		{9B9ECF2F-3B35-4752-B007-3A55DB4E8DED}.Debug|Any CPU.ActiveCfg = Debug|Any CPU
		{9B9ECF2F-3B35-4752-B007-3A55DB4E8DED}.Debug|Any CPU.Build.0 = Debug|Any CPU
		{9B9ECF2F-3B35-4752-B007-3A55DB4E8DED}.Release|Any CPU.ActiveCfg = Release|Any CPU
		{9B9ECF2F-3B35-4752-B007-3A55DB4E8DED}.Release|Any CPU.Build.0 = Release|Any CPU
	EndGlobalSection
EndGlobal
